{
  "nodes": {
    "fenix": {
      "inputs": {
        "nixpkgs": [
          "nixpkgs"
        ],
        "rust-analyzer-src": "rust-analyzer-src"
      },
      "locked": {
        "lastModified": 1691389274,
        "narHash": "sha256-0lISOvDDoqOfauZctSKb6EvW1Mg1aPI0869Tx3xtEyw=",
        "owner": "nix-community",
        "repo": "fenix",
        "rev": "bd0c7ee0836a814751c3fcf66eaadfbe1a35b715",
        "type": "github"
      },
      "original": {
        "owner": "nix-community",
        "repo": "fenix",
        "type": "github"
      }
    },
    "flake-utils": {
      "inputs": {
        "systems": "systems"
      },
      "locked": {
        "lastModified": 1689068808,
        "narHash": "sha256-6ixXo3wt24N/melDWjq70UuHQLxGV8jZvooRanIHXw0=",
        "owner": "numtide",
        "repo": "flake-utils",
        "rev": "919d646de7be200f3bf08cb76ae1f09402b6f9b4",
        "type": "github"
      },
      "original": {
        "owner": "numtide",
        "repo": "flake-utils",
        "type": "github"
      }
    },
    "flake-utils_2": {
      "inputs": {
        "systems": "systems_2"
      },
      "locked": {
        "lastModified": 1689068808,
        "narHash": "sha256-6ixXo3wt24N/melDWjq70UuHQLxGV8jZvooRanIHXw0=",
        "owner": "numtide",
        "repo": "flake-utils",
        "rev": "919d646de7be200f3bf08cb76ae1f09402b6f9b4",
        "type": "github"
      },
      "original": {
        "id": "flake-utils",
        "type": "indirect"
      }
    },
    "nagy-nur": {
      "inputs": {
        "flake-utils": "flake-utils_2",
        "nixpkgs": "nixpkgs"
      },
      "locked": {
        "lastModified": 1691311500,
        "narHash": "sha256-e9mLAnq6P1Bmd/6xPX4f1lC4hkhVsiFhMkRKfSuW3V8=",
        "owner": "nagy",
        "repo": "nur-packages",
        "rev": "5a3accdb430f7d53ec4c96a5aa41c8f7f0795f32",
        "type": "github"
      },
      "original": {
        "owner": "nagy",
        "repo": "nur-packages",
        "type": "github"
      }
    },
    "nixpkgs": {
      "locked": {
        "lastModified": 1689192006,
        "narHash": "sha256-QM0f0d8oPphOTYJebsHioR9+FzJcy1QNIzREyubB91U=",
        "owner": "NixOS",
        "repo": "nixpkgs",
        "rev": "2de8efefb6ce7f5e4e75bdf57376a96555986841",
        "type": "github"
      },
      "original": {
        "id": "nixpkgs",
        "ref": "nixos-unstable",
        "type": "indirect"
      }
    },
    "nixpkgs_2": {
      "locked": {
        "lastModified": 1691368598,
        "narHash": "sha256-ia7li22keBBbj02tEdqjVeLtc7ZlSBuhUk+7XTUFr14=",
        "owner": "NixOS",
        "repo": "nixpkgs",
        "rev": "5a8e9243812ba528000995b294292d3b5e120947",
        "type": "github"
      },
      "original": {
        "owner": "NixOS",
        "ref": "nixos-unstable",
        "repo": "nixpkgs",
        "type": "github"
      }
    },
    "root": {
      "inputs": {
        "fenix": "fenix",
        "flake-utils": "flake-utils",
        "nagy-nur": "nagy-nur",
        "nixpkgs": "nixpkgs_2"
      }
    },
    "rust-analyzer-src": {
      "flake": false,
      "locked": {
        "lastModified": 1691346609,
        "narHash": "sha256-npJ8zOZ/CQoZu+0kN5NU9iC5JbmbsucyK1DayPmHWPs=",
        "owner": "rust-lang",
        "repo": "rust-analyzer",
        "rev": "baee6b338b0ea076cd7a9f18d47f175dd2ba0e5d",
        "type": "github"
      },
      "original": {
        "owner": "rust-lang",
        "ref": "nightly",
        "repo": "rust-analyzer",
        "type": "github"
      }
    },
    "systems": {
      "locked": {
        "lastModified": 1681028828,
        "narHash": "sha256-Vy1rq5AaRuLzOxct8nz4T6wlgyUR7zLU309k9mBC768=",
        "owner": "nix-systems",
        "repo": "default",
        "rev": "da67096a3b9bf56a91d16901293e51ba5b49a27e",
        "type": "github"
      },
      "original": {
        "owner": "nix-systems",
        "repo": "default",
        "type": "github"
      }
    },
    "systems_2": {
      "locked": {
        "lastModified": 1681028828,
        "narHash": "sha256-Vy1rq5AaRuLzOxct8nz4T6wlgyUR7zLU309k9mBC768=",
        "owner": "nix-systems",
        "repo": "default",
        "rev": "da67096a3b9bf56a91d16901293e51ba5b49a27e",
        "type": "github"
      },
      "original": {
        "owner": "nix-systems",
        "repo": "default",
        "type": "github"
      }
    }
  },
  "root": "root",
  "version": 7
}
